{
  "version": 4,
  "terraform_version": "0.14.5",
  "serial": 380,
  "lineage": "e570b02c-0e25-ff1d-abe9-980afd88f7a7",
  "outputs": {
    "lb_public_ip": {
      "value": [
        [
          {
            "ip_address": "140.238.252.44",
            "is_public": true,
            "reserved_ip": [
              {
                "id": "ocid1.publicip.oc1.ap-mumbai-1.amaaaaaaulymzmiaavjtfckbrouc6g3js6sibwksgz4mcot5s3qnlkonkpka"
              }
            ]
          }
        ]
      ],
      "type": [
        "tuple",
        [
          [
            "list",
            [
              "object",
              {
                "ip_address": "string",
                "is_public": "bool",
                "reserved_ip": [
                  "list",
                  [
                    "object",
                    {
                      "id": "string"
                    }
                  ]
                ]
              }
            ]
          ]
        ]
      ]
    }
  },
  "resources": [
    {
      "mode": "data",
      "type": "oci_identity_availability_domain",
      "name": "ad1",
      "provider": "provider[\"registry.terraform.io/hashicorp/oci\"]",
      "instances": [
        {
          "schema_version": 0,
          "attributes": {
            "ad_number": 1,
            "compartment_id": "ocid1.tenancy.oc1..aaaaaaaaasqft24cgqwb6lsyij3kmp4nsoiwyn5mboi23mzxywgppre2m6cq",
            "id": "ocid1.availabilitydomain.oc1..aaaaaaaaqnfxrjivkxya4njkefe2dgbfwua6mxpvzhqal6zzekgsvjchoyjq",
            "name": "LxbT:AP-MUMBAI-1-AD-1"
          },
          "sensitive_attributes": []
        }
      ]
    },
    {
      "mode": "managed",
      "type": "oci_core_instance",
      "name": "instance1",
      "provider": "provider[\"registry.terraform.io/hashicorp/oci\"]",
      "instances": [
        {
          "schema_version": 0,
          "attributes": {
            "agent_config": [
              {
                "is_management_disabled": false,
                "is_monitoring_disabled": false
              }
            ],
            "availability_config": [
              {
                "recovery_action": "RESTORE_INSTANCE"
              }
            ],
            "availability_domain": "LxbT:AP-MUMBAI-1-AD-1",
            "boot_volume_id": "ocid1.bootvolume.oc1.ap-mumbai-1.abrg6ljrr47wn4xzhxt7cis3e4gd6pzus2khreupw3zvashcs6wgx6ndmr7q",
            "compartment_id": "ocid1.compartment.oc1..aaaaaaaa4cffiat2knvzy4bjs7eprhns5qspej5pfcelkfvrb7s5vahgr4yq",
            "create_vnic_details": [
              {
                "assign_public_ip": "true",
                "defined_tags": {
                  "Oracle-Tags.CreatedBy": "oracleidentitycloudservice/krishna",
                  "Oracle-Tags.CreatedOn": "2021-02-10T10:28:32.112Z"
                },
                "display_name": "be-instance1",
                "freeform_tags": {},
                "hostname_label": "be-instance1",
                "nsg_ids": null,
                "private_ip": "10.1.20.160",
                "skip_source_dest_check": false,
                "subnet_id": "ocid1.subnet.oc1.ap-mumbai-1.aaaaaaaa4z6nkrvlwifleps5amalqgg6ocverskspyggxfvy3a6v3fgctm3a",
                "vlan_id": ""
              }
            ],
            "dedicated_vm_host_id": null,
            "defined_tags": {
              "Oracle-Tags.CreatedBy": "oracleidentitycloudservice/krishna",
              "Oracle-Tags.CreatedOn": "2021-02-10T10:28:32.112Z"
            },
            "display_name": "be-instance1",
            "extended_metadata": null,
            "fault_domain": "FAULT-DOMAIN-1",
            "freeform_tags": {},
            "hostname_label": "be-instance1",
            "id": "ocid1.instance.oc1.ap-mumbai-1.anrg6ljrulymzmic4yumis5jciluomvdtfz244ls3tjlhg4ikxlfvo4hkeoa",
            "image": "ocid1.image.oc1.ap-mumbai-1.aaaaaaaa7oaxxmtsvkk5vc53bryvxlxqn7lb5bjemkhbw5newm7oulnzquwq",
            "instance_options": [
              {
                "are_legacy_imds_endpoints_disabled": false
              }
            ],
            "ipxe_script": null,
            "is_pv_encryption_in_transit_enabled": null,
            "launch_mode": "NATIVE",
            "launch_options": [
              {
                "boot_volume_type": "PARAVIRTUALIZED",
                "firmware": "UEFI_64",
                "is_consistent_volume_naming_enabled": true,
                "is_pv_encryption_in_transit_enabled": false,
                "network_type": "PARAVIRTUALIZED",
                "remote_data_volume_type": "PARAVIRTUALIZED"
              }
            ],
            "metadata": {
              "user_data": "IyEvYmluL2Jhc2ggLXgNCmVjaG8gJyMjIyMjIyMjIyMjIyMjIyMjIyMgd2Vic2VydmVyIEFwYWNoZSBpbnN0YWxsYXRpb24gYmVnaW5zICMjIyMjIyMjIyMjIyMjIyMjIyMjIycNCnRvdWNoIH5vcGMvdXNlcmRhdGEuYGRhdGUgKyVzYC5zdGFydA0KIyBlY2hvICcjIyMjIyMjIyMjIHl1bSB1cGRhdGUgYWxsICMjIyMjIyMjIyMjIyMjIycNCiMgeXVtIHVwZGF0ZSAteQ0KZWNobyAnIyMjIyMjIyMjIyBiYXNpYyB3ZWJzZXJ2ZXIgIyMjIyMjIyMjIyMjIyMnDQp5dW0gaW5zdGFsbCAteSBodHRwZA0Kc3lzdGVtY3RsIGVuYWJsZSAgaHR0cGQuc2VydmljZQ0Kc3lzdGVtY3RsIHN0YXJ0ICBodHRwZC5zZXJ2aWNlDQplY2hvICc8aHRtbD48aGVhZD48L2hlYWQ+PGJvZHk+PHByZT48Y29kZT4nID4gL3Zhci93d3cvaHRtbC9pbmRleC5odG1sDQpob3N0bmFtZSA+PiAvdmFyL3d3dy9odG1sL2luZGV4Lmh0bWwNCmVjaG8gJycgPj4gL3Zhci93d3cvaHRtbC9pbmRleC5odG1sDQpjYXQgL2V0Yy9vcy1yZWxlYXNlID4+IC92YXIvd3d3L2h0bWwvaW5kZXguaHRtbA0KZWNobyAnPC9jb2RlPjwvcHJlPjwvYm9keT48L2h0bWw+JyA+PiAvdmFyL3d3dy9odG1sL2luZGV4Lmh0bWwNCmZpcmV3YWxsLW9mZmxpbmUtY21kIC0tYWRkLXNlcnZpY2U9aHR0cA0Kc3lzdGVtY3RsIGVuYWJsZSAgZmlyZXdhbGxkDQpzeXN0ZW1jdGwgcmVzdGFydCAgZmlyZXdhbGxkDQp0b3VjaCB+b3BjL3VzZXJkYXRhLmBkYXRlICslc2AuZmluaXNoDQplY2hvICcjIyMjIyMjIyMjIyMjIyMjIyMjIHdlYnNlcnZlciB1c2VyZGF0YSBlbmRzICMjIyMjIyMjIyMjIyMjIyMjIyMjIyMjJw0K"
            },
            "preserve_boot_volume": null,
            "private_ip": "10.1.20.160",
            "public_ip": "140.238.251.72",
            "region": "ap-mumbai-1",
            "shape": "VM.Standard2.1",
            "shape_config": [
              {
                "gpu_description": "",
                "gpus": 0,
                "local_disk_description": "",
                "local_disks": 0,
                "local_disks_total_size_in_gbs": 0,
                "max_vnic_attachments": 2,
                "memory_in_gbs": 15,
                "networking_bandwidth_in_gbps": 1,
                "ocpus": 1,
                "processor_description": "2.0 GHz Intel® Xeon® Platinum 8167M (Skylake)"
              }
            ],
            "source_details": [
              {
                "boot_volume_size_in_gbs": "47",
                "kms_key_id": "",
                "source_id": "ocid1.image.oc1.ap-mumbai-1.aaaaaaaa7oaxxmtsvkk5vc53bryvxlxqn7lb5bjemkhbw5newm7oulnzquwq",
                "source_type": "image"
              }
            ],
            "state": "RUNNING",
            "subnet_id": "ocid1.subnet.oc1.ap-mumbai-1.aaaaaaaa4z6nkrvlwifleps5amalqgg6ocverskspyggxfvy3a6v3fgctm3a",
            "system_tags": {},
            "time_created": "2021-02-10 10:28:32.755 +0000 UTC",
            "time_maintenance_reboot_due": "",
            "timeouts": null
          },
          "sensitive_attributes": [],
          "private": "eyJlMmJmYjczMC1lY2FhLTExZTYtOGY4OC0zNDM2M2JjN2M0YzAiOnsiY3JlYXRlIjoyNzAwMDAwMDAwMDAwLCJkZWxldGUiOjI3MDAwMDAwMDAwMDAsInVwZGF0ZSI6MjcwMDAwMDAwMDAwMH19",
          "dependencies": [
            "data.oci_identity_availability_domain.ad1",
            "oci_core_internet_gateway.internetgateway1",
            "oci_core_route_table.routetable1",
            "oci_core_security_list.securitylist1",
            "oci_core_subnet.subnet1",
            "oci_core_vcn.vcn1"
          ]
        }
      ]
    },
    {
      "mode": "managed",
      "type": "oci_core_instance",
      "name": "instance2",
      "provider": "provider[\"registry.terraform.io/hashicorp/oci\"]",
      "instances": [
        {
          "schema_version": 0,
          "attributes": {
            "agent_config": [
              {
                "is_management_disabled": false,
                "is_monitoring_disabled": false
              }
            ],
            "availability_config": [
              {
                "recovery_action": "RESTORE_INSTANCE"
              }
            ],
            "availability_domain": "LxbT:AP-MUMBAI-1-AD-1",
            "boot_volume_id": "ocid1.bootvolume.oc1.ap-mumbai-1.abrg6ljrrkhhkpr3zaakfptldlaff6qrzbeff3i5reh3oijcnhy7cx6mq3aq",
            "compartment_id": "ocid1.compartment.oc1..aaaaaaaa4cffiat2knvzy4bjs7eprhns5qspej5pfcelkfvrb7s5vahgr4yq",
            "create_vnic_details": [
              {
                "assign_public_ip": "true",
                "defined_tags": {
                  "Oracle-Tags.CreatedBy": "oracleidentitycloudservice/krishna",
                  "Oracle-Tags.CreatedOn": "2021-02-10T10:28:32.149Z"
                },
                "display_name": "be-instance2",
                "freeform_tags": {},
                "hostname_label": "be-instance2",
                "nsg_ids": null,
                "private_ip": "10.1.21.166",
                "skip_source_dest_check": false,
                "subnet_id": "ocid1.subnet.oc1.ap-mumbai-1.aaaaaaaajo7usc44bxfueyr2xp75q6ouvpwy6ysdpam7kpqdrj67a2mg4skq",
                "vlan_id": ""
              }
            ],
            "dedicated_vm_host_id": null,
            "defined_tags": {
              "Oracle-Tags.CreatedBy": "oracleidentitycloudservice/krishna",
              "Oracle-Tags.CreatedOn": "2021-02-10T10:28:32.149Z"
            },
            "display_name": "be-instance2",
            "extended_metadata": null,
            "fault_domain": "FAULT-DOMAIN-1",
            "freeform_tags": {},
            "hostname_label": "be-instance2",
            "id": "ocid1.instance.oc1.ap-mumbai-1.anrg6ljrulymzmicdzqebe537eft7hcbk2ffl5a37uumfn6yogkvezpm33oa",
            "image": "ocid1.image.oc1.ap-mumbai-1.aaaaaaaa7oaxxmtsvkk5vc53bryvxlxqn7lb5bjemkhbw5newm7oulnzquwq",
            "instance_options": [
              {
                "are_legacy_imds_endpoints_disabled": false
              }
            ],
            "ipxe_script": null,
            "is_pv_encryption_in_transit_enabled": null,
            "launch_mode": "NATIVE",
            "launch_options": [
              {
                "boot_volume_type": "PARAVIRTUALIZED",
                "firmware": "UEFI_64",
                "is_consistent_volume_naming_enabled": true,
                "is_pv_encryption_in_transit_enabled": false,
                "network_type": "PARAVIRTUALIZED",
                "remote_data_volume_type": "PARAVIRTUALIZED"
              }
            ],
            "metadata": {
              "user_data": "IyEvYmluL2Jhc2ggLXgNCmVjaG8gJyMjIyMjIyMjIyMjIyMjIyMjIyMgd2Vic2VydmVyIEFwYWNoZSBpbnN0YWxsYXRpb24gYmVnaW5zICMjIyMjIyMjIyMjIyMjIyMjIyMjIycNCnRvdWNoIH5vcGMvdXNlcmRhdGEuYGRhdGUgKyVzYC5zdGFydA0KIyBlY2hvICcjIyMjIyMjIyMjIHl1bSB1cGRhdGUgYWxsICMjIyMjIyMjIyMjIyMjIycNCiMgeXVtIHVwZGF0ZSAteQ0KZWNobyAnIyMjIyMjIyMjIyBiYXNpYyB3ZWJzZXJ2ZXIgIyMjIyMjIyMjIyMjIyMnDQp5dW0gaW5zdGFsbCAteSBodHRwZA0Kc3lzdGVtY3RsIGVuYWJsZSAgaHR0cGQuc2VydmljZQ0Kc3lzdGVtY3RsIHN0YXJ0ICBodHRwZC5zZXJ2aWNlDQplY2hvICc8aHRtbD48aGVhZD48L2hlYWQ+PGJvZHk+PHByZT48Y29kZT4nID4gL3Zhci93d3cvaHRtbC9pbmRleC5odG1sDQpob3N0bmFtZSA+PiAvdmFyL3d3dy9odG1sL2luZGV4Lmh0bWwNCmVjaG8gJycgPj4gL3Zhci93d3cvaHRtbC9pbmRleC5odG1sDQpjYXQgL2V0Yy9vcy1yZWxlYXNlID4+IC92YXIvd3d3L2h0bWwvaW5kZXguaHRtbA0KZWNobyAnPC9jb2RlPjwvcHJlPjwvYm9keT48L2h0bWw+JyA+PiAvdmFyL3d3dy9odG1sL2luZGV4Lmh0bWwNCmZpcmV3YWxsLW9mZmxpbmUtY21kIC0tYWRkLXNlcnZpY2U9aHR0cA0Kc3lzdGVtY3RsIGVuYWJsZSAgZmlyZXdhbGxkDQpzeXN0ZW1jdGwgcmVzdGFydCAgZmlyZXdhbGxkDQp0b3VjaCB+b3BjL3VzZXJkYXRhLmBkYXRlICslc2AuZmluaXNoDQplY2hvICcjIyMjIyMjIyMjIyMjIyMjIyMjIHdlYnNlcnZlciB1c2VyZGF0YSBlbmRzICMjIyMjIyMjIyMjIyMjIyMjIyMjIyMjJw0K"
            },
            "preserve_boot_volume": null,
            "private_ip": "10.1.21.166",
            "public_ip": "140.238.229.196",
            "region": "ap-mumbai-1",
            "shape": "VM.Standard2.1",
            "shape_config": [
              {
                "gpu_description": "",
                "gpus": 0,
                "local_disk_description": "",
                "local_disks": 0,
                "local_disks_total_size_in_gbs": 0,
                "max_vnic_attachments": 2,
                "memory_in_gbs": 15,
                "networking_bandwidth_in_gbps": 1,
                "ocpus": 1,
                "processor_description": "2.0 GHz Intel® Xeon® Platinum 8167M (Skylake)"
              }
            ],
            "source_details": [
              {
                "boot_volume_size_in_gbs": "47",
                "kms_key_id": "",
                "source_id": "ocid1.image.oc1.ap-mumbai-1.aaaaaaaa7oaxxmtsvkk5vc53bryvxlxqn7lb5bjemkhbw5newm7oulnzquwq",
                "source_type": "image"
              }
            ],
            "state": "RUNNING",
            "subnet_id": "ocid1.subnet.oc1.ap-mumbai-1.aaaaaaaajo7usc44bxfueyr2xp75q6ouvpwy6ysdpam7kpqdrj67a2mg4skq",
            "system_tags": {},
            "time_created": "2021-02-10 10:28:32.803 +0000 UTC",
            "time_maintenance_reboot_due": "",
            "timeouts": null
          },
          "sensitive_attributes": [],
          "private": "eyJlMmJmYjczMC1lY2FhLTExZTYtOGY4OC0zNDM2M2JjN2M0YzAiOnsiY3JlYXRlIjoyNzAwMDAwMDAwMDAwLCJkZWxldGUiOjI3MDAwMDAwMDAwMDAsInVwZGF0ZSI6MjcwMDAwMDAwMDAwMH19",
          "dependencies": [
            "data.oci_identity_availability_domain.ad1",
            "oci_core_internet_gateway.internetgateway1",
            "oci_core_route_table.routetable1",
            "oci_core_security_list.securitylist1",
            "oci_core_subnet.subnet2",
            "oci_core_vcn.vcn1"
          ]
        }
      ]
    },
    {
      "mode": "managed",
      "type": "oci_core_internet_gateway",
      "name": "internetgateway1",
      "provider": "provider[\"registry.terraform.io/hashicorp/oci\"]",
      "instances": [
        {
          "schema_version": 0,
          "attributes": {
            "compartment_id": "ocid1.compartment.oc1..aaaaaaaa4cffiat2knvzy4bjs7eprhns5qspej5pfcelkfvrb7s5vahgr4yq",
            "defined_tags": {
              "Oracle-Tags.CreatedBy": "oracleidentitycloudservice/krishna",
              "Oracle-Tags.CreatedOn": "2021-02-10T10:28:21.815Z"
            },
            "display_name": "internetgateway1",
            "enabled": true,
            "freeform_tags": {},
            "id": "ocid1.internetgateway.oc1.ap-mumbai-1.aaaaaaaa7woj6uybktfzqmbgprjead67ey7m6zzvc4s6sytyzlzk6njvvjaa",
            "state": "AVAILABLE",
            "time_created": "2021-02-10 10:28:21.858 +0000 UTC",
            "timeouts": null,
            "vcn_id": "ocid1.vcn.oc1.ap-mumbai-1.amaaaaaaulymzmiastevabklzytdqombiqecumfwm6pzdp3hq4yrgpnbifoq"
          },
          "sensitive_attributes": [],
          "private": "eyJlMmJmYjczMC1lY2FhLTExZTYtOGY4OC0zNDM2M2JjN2M0YzAiOnsiY3JlYXRlIjoxMjAwMDAwMDAwMDAwLCJkZWxldGUiOjEyMDAwMDAwMDAwMDAsInVwZGF0ZSI6MTIwMDAwMDAwMDAwMH19",
          "dependencies": [
            "oci_core_vcn.vcn1"
          ]
        }
      ]
    },
    {
      "mode": "managed",
      "type": "oci_core_public_ip",
      "name": "test_reserved_ip",
      "provider": "provider[\"registry.terraform.io/hashicorp/oci\"]",
      "instances": [
        {
          "schema_version": 0,
          "attributes": {
            "assigned_entity_id": null,
            "assigned_entity_type": "",
            "availability_domain": null,
            "compartment_id": "ocid1.compartment.oc1..aaaaaaaa4cffiat2knvzy4bjs7eprhns5qspej5pfcelkfvrb7s5vahgr4yq",
            "defined_tags": {
              "Oracle-Tags.CreatedBy": "oracleidentitycloudservice/krishna",
              "Oracle-Tags.CreatedOn": "2021-02-10T10:28:21.240Z"
            },
            "display_name": "publicip20210210102821",
            "freeform_tags": {},
            "id": "ocid1.publicip.oc1.ap-mumbai-1.amaaaaaaulymzmiaavjtfckbrouc6g3js6sibwksgz4mcot5s3qnlkonkpka",
            "ip_address": "140.238.252.44",
            "lifetime": "RESERVED",
            "private_ip_id": null,
            "public_ip_pool_id": null,
            "scope": "REGION",
            "state": "AVAILABLE",
            "time_created": "2021-02-10 10:28:21.365 +0000 UTC",
            "timeouts": null
          },
          "sensitive_attributes": [],
          "private": "eyJlMmJmYjczMC1lY2FhLTExZTYtOGY4OC0zNDM2M2JjN2M0YzAiOnsiY3JlYXRlIjoxMjAwMDAwMDAwMDAwLCJkZWxldGUiOjEyMDAwMDAwMDAwMDAsInVwZGF0ZSI6MTIwMDAwMDAwMDAwMH19"
        }
      ]
    },
    {
      "mode": "managed",
      "type": "oci_core_route_table",
      "name": "routetable1",
      "provider": "provider[\"registry.terraform.io/hashicorp/oci\"]",
      "instances": [
        {
          "schema_version": 0,
          "attributes": {
            "compartment_id": "ocid1.compartment.oc1..aaaaaaaa4cffiat2knvzy4bjs7eprhns5qspej5pfcelkfvrb7s5vahgr4yq",
            "defined_tags": {
              "Oracle-Tags.CreatedBy": "oracleidentitycloudservice/krishna",
              "Oracle-Tags.CreatedOn": "2021-02-10T10:28:22.157Z"
            },
            "display_name": "routetable1",
            "freeform_tags": {},
            "id": "ocid1.routetable.oc1.ap-mumbai-1.aaaaaaaareg3yeppdbufbfby57pjbfq3427cmuz3s4uezyp5bltku5k3skoa",
            "route_rules": [
              {
                "cidr_block": "",
                "description": "",
                "destination": "0.0.0.0/0",
                "destination_type": "CIDR_BLOCK",
                "network_entity_id": "ocid1.internetgateway.oc1.ap-mumbai-1.aaaaaaaa7woj6uybktfzqmbgprjead67ey7m6zzvc4s6sytyzlzk6njvvjaa"
              }
            ],
            "state": "AVAILABLE",
            "time_created": "2021-02-10 10:28:22.178 +0000 UTC",
            "timeouts": null,
            "vcn_id": "ocid1.vcn.oc1.ap-mumbai-1.amaaaaaaulymzmiastevabklzytdqombiqecumfwm6pzdp3hq4yrgpnbifoq"
          },
          "sensitive_attributes": [],
          "private": "eyJlMmJmYjczMC1lY2FhLTExZTYtOGY4OC0zNDM2M2JjN2M0YzAiOnsiY3JlYXRlIjoxMjAwMDAwMDAwMDAwLCJkZWxldGUiOjEyMDAwMDAwMDAwMDAsInVwZGF0ZSI6MTIwMDAwMDAwMDAwMH19",
          "dependencies": [
            "oci_core_internet_gateway.internetgateway1",
            "oci_core_vcn.vcn1"
          ]
        }
      ]
    },
    {
      "mode": "managed",
      "type": "oci_core_security_list",
      "name": "securitylist1",
      "provider": "provider[\"registry.terraform.io/hashicorp/oci\"]",
      "instances": [
        {
          "schema_version": 0,
          "attributes": {
            "compartment_id": "ocid1.compartment.oc1..aaaaaaaa4cffiat2knvzy4bjs7eprhns5qspej5pfcelkfvrb7s5vahgr4yq",
            "defined_tags": {
              "Oracle-Tags.CreatedBy": "oracleidentitycloudservice/krishna",
              "Oracle-Tags.CreatedOn": "2021-02-10T10:28:21.828Z"
            },
            "display_name": "public",
            "egress_security_rules": [
              {
                "description": "",
                "destination": "0.0.0.0/0",
                "destination_type": "CIDR_BLOCK",
                "icmp_options": [],
                "protocol": "all",
                "stateless": false,
                "tcp_options": [],
                "udp_options": []
              }
            ],
            "freeform_tags": {},
            "id": "ocid1.securitylist.oc1.ap-mumbai-1.aaaaaaaaetqgpndmw6xazzcovuvjc46oc53ko2ggh3cbxc4bdiat4m3d6rya",
            "ingress_security_rules": [
              {
                "description": "",
                "icmp_options": [],
                "protocol": "6",
                "source": "0.0.0.0/0",
                "source_type": "CIDR_BLOCK",
                "stateless": false,
                "tcp_options": [
                  {
                    "max": 22,
                    "min": 22,
                    "source_port_range": []
                  }
                ],
                "udp_options": []
              },
              {
                "description": "",
                "icmp_options": [],
                "protocol": "6",
                "source": "0.0.0.0/0",
                "source_type": "CIDR_BLOCK",
                "stateless": false,
                "tcp_options": [
                  {
                    "max": 443,
                    "min": 443,
                    "source_port_range": []
                  }
                ],
                "udp_options": []
              },
              {
                "description": "",
                "icmp_options": [],
                "protocol": "6",
                "source": "0.0.0.0/0",
                "source_type": "CIDR_BLOCK",
                "stateless": false,
                "tcp_options": [
                  {
                    "max": 80,
                    "min": 80,
                    "source_port_range": []
                  }
                ],
                "udp_options": []
              }
            ],
            "state": "AVAILABLE",
            "time_created": "2021-02-10 10:28:21.872 +0000 UTC",
            "timeouts": null,
            "vcn_id": "ocid1.vcn.oc1.ap-mumbai-1.amaaaaaaulymzmiastevabklzytdqombiqecumfwm6pzdp3hq4yrgpnbifoq"
          },
          "sensitive_attributes": [],
          "private": "eyJlMmJmYjczMC1lY2FhLTExZTYtOGY4OC0zNDM2M2JjN2M0YzAiOnsiY3JlYXRlIjoxMjAwMDAwMDAwMDAwLCJkZWxldGUiOjEyMDAwMDAwMDAwMDAsInVwZGF0ZSI6MTIwMDAwMDAwMDAwMH19",
          "dependencies": [
            "oci_core_vcn.vcn1"
          ]
        }
      ]
    },
    {
      "mode": "managed",
      "type": "oci_core_subnet",
      "name": "subnet1",
      "provider": "provider[\"registry.terraform.io/hashicorp/oci\"]",
      "instances": [
        {
          "schema_version": 0,
          "attributes": {
            "availability_domain": "LxbT:AP-MUMBAI-1-AD-1",
            "cidr_block": "10.1.20.0/24",
            "compartment_id": "ocid1.compartment.oc1..aaaaaaaa4cffiat2knvzy4bjs7eprhns5qspej5pfcelkfvrb7s5vahgr4yq",
            "defined_tags": {
              "Oracle-Tags.CreatedBy": "oracleidentitycloudservice/krishna",
              "Oracle-Tags.CreatedOn": "2021-02-10T10:28:22.754Z"
            },
            "dhcp_options_id": "ocid1.dhcpoptions.oc1.ap-mumbai-1.aaaaaaaardy67zfu7t7d4l4joy4f7fb7u4goysocsafvgqspce2n5ffvs6ca",
            "display_name": "subnet1",
            "dns_label": "subnet1",
            "freeform_tags": {},
            "id": "ocid1.subnet.oc1.ap-mumbai-1.aaaaaaaa4z6nkrvlwifleps5amalqgg6ocverskspyggxfvy3a6v3fgctm3a",
            "ipv6cidr_block": null,
            "ipv6public_cidr_block": null,
            "ipv6virtual_router_ip": null,
            "prohibit_public_ip_on_vnic": false,
            "route_table_id": "ocid1.routetable.oc1.ap-mumbai-1.aaaaaaaareg3yeppdbufbfby57pjbfq3427cmuz3s4uezyp5bltku5k3skoa",
            "security_list_ids": [
              "ocid1.securitylist.oc1.ap-mumbai-1.aaaaaaaaetqgpndmw6xazzcovuvjc46oc53ko2ggh3cbxc4bdiat4m3d6rya"
            ],
            "state": "AVAILABLE",
            "subnet_domain_name": "subnet1.vcn1.oraclevcn.com",
            "time_created": "2021-02-10 10:28:23.03 +0000 UTC",
            "timeouts": null,
            "vcn_id": "ocid1.vcn.oc1.ap-mumbai-1.amaaaaaaulymzmiastevabklzytdqombiqecumfwm6pzdp3hq4yrgpnbifoq",
            "virtual_router_ip": "10.1.20.1",
            "virtual_router_mac": "00:00:17:7F:3D:09"
          },
          "sensitive_attributes": [],
          "private": "eyJlMmJmYjczMC1lY2FhLTExZTYtOGY4OC0zNDM2M2JjN2M0YzAiOnsiY3JlYXRlIjoxMjAwMDAwMDAwMDAwLCJkZWxldGUiOjEyMDAwMDAwMDAwMDAsInVwZGF0ZSI6MTIwMDAwMDAwMDAwMH19",
          "dependencies": [
            "data.oci_identity_availability_domain.ad1",
            "oci_core_internet_gateway.internetgateway1",
            "oci_core_route_table.routetable1",
            "oci_core_security_list.securitylist1",
            "oci_core_vcn.vcn1"
          ]
        }
      ]
    },
    {
      "mode": "managed",
      "type": "oci_core_subnet",
      "name": "subnet2",
      "provider": "provider[\"registry.terraform.io/hashicorp/oci\"]",
      "instances": [
        {
          "schema_version": 0,
          "attributes": {
            "availability_domain": "LxbT:AP-MUMBAI-1-AD-1",
            "cidr_block": "10.1.21.0/24",
            "compartment_id": "ocid1.compartment.oc1..aaaaaaaa4cffiat2knvzy4bjs7eprhns5qspej5pfcelkfvrb7s5vahgr4yq",
            "defined_tags": {
              "Oracle-Tags.CreatedBy": "oracleidentitycloudservice/krishna",
              "Oracle-Tags.CreatedOn": "2021-02-10T10:28:22.753Z"
            },
            "dhcp_options_id": "ocid1.dhcpoptions.oc1.ap-mumbai-1.aaaaaaaardy67zfu7t7d4l4joy4f7fb7u4goysocsafvgqspce2n5ffvs6ca",
            "display_name": "subnet2",
            "dns_label": "subnet2",
            "freeform_tags": {},
            "id": "ocid1.subnet.oc1.ap-mumbai-1.aaaaaaaajo7usc44bxfueyr2xp75q6ouvpwy6ysdpam7kpqdrj67a2mg4skq",
            "ipv6cidr_block": null,
            "ipv6public_cidr_block": null,
            "ipv6virtual_router_ip": null,
            "prohibit_public_ip_on_vnic": false,
            "route_table_id": "ocid1.routetable.oc1.ap-mumbai-1.aaaaaaaareg3yeppdbufbfby57pjbfq3427cmuz3s4uezyp5bltku5k3skoa",
            "security_list_ids": [
              "ocid1.securitylist.oc1.ap-mumbai-1.aaaaaaaaetqgpndmw6xazzcovuvjc46oc53ko2ggh3cbxc4bdiat4m3d6rya"
            ],
            "state": "AVAILABLE",
            "subnet_domain_name": "subnet2.vcn1.oraclevcn.com",
            "time_created": "2021-02-10 10:28:22.807 +0000 UTC",
            "timeouts": null,
            "vcn_id": "ocid1.vcn.oc1.ap-mumbai-1.amaaaaaaulymzmiastevabklzytdqombiqecumfwm6pzdp3hq4yrgpnbifoq",
            "virtual_router_ip": "10.1.21.1",
            "virtual_router_mac": "00:00:17:7F:3D:09"
          },
          "sensitive_attributes": [],
          "private": "eyJlMmJmYjczMC1lY2FhLTExZTYtOGY4OC0zNDM2M2JjN2M0YzAiOnsiY3JlYXRlIjoxMjAwMDAwMDAwMDAwLCJkZWxldGUiOjEyMDAwMDAwMDAwMDAsInVwZGF0ZSI6MTIwMDAwMDAwMDAwMH19",
          "dependencies": [
            "data.oci_identity_availability_domain.ad1",
            "oci_core_internet_gateway.internetgateway1",
            "oci_core_route_table.routetable1",
            "oci_core_security_list.securitylist1",
            "oci_core_vcn.vcn1"
          ]
        }
      ]
    },
    {
      "mode": "managed",
      "type": "oci_core_vcn",
      "name": "vcn1",
      "provider": "provider[\"registry.terraform.io/hashicorp/oci\"]",
      "instances": [
        {
          "schema_version": 0,
          "attributes": {
            "cidr_block": "10.1.0.0/16",
            "cidr_blocks": [
              "10.1.0.0/16"
            ],
            "compartment_id": "ocid1.compartment.oc1..aaaaaaaa4cffiat2knvzy4bjs7eprhns5qspej5pfcelkfvrb7s5vahgr4yq",
            "default_dhcp_options_id": "ocid1.dhcpoptions.oc1.ap-mumbai-1.aaaaaaaardy67zfu7t7d4l4joy4f7fb7u4goysocsafvgqspce2n5ffvs6ca",
            "default_route_table_id": "ocid1.routetable.oc1.ap-mumbai-1.aaaaaaaasxv4rbojg3xgus2fzztvxw4vp3dfbr2bzdnwtg222w4n6dvurxxa",
            "default_security_list_id": "ocid1.securitylist.oc1.ap-mumbai-1.aaaaaaaajzt74eymfaemy3zjn43wvhl73q6w336qi2k5wyycqqa6eiijza4a",
            "defined_tags": {
              "Oracle-Tags.CreatedBy": "oracleidentitycloudservice/krishna",
              "Oracle-Tags.CreatedOn": "2021-02-10T10:28:21.384Z"
            },
            "display_name": "vcn1",
            "dns_label": "vcn1",
            "freeform_tags": {},
            "id": "ocid1.vcn.oc1.ap-mumbai-1.amaaaaaaulymzmiastevabklzytdqombiqecumfwm6pzdp3hq4yrgpnbifoq",
            "ipv6cidr_block": null,
            "ipv6public_cidr_block": null,
            "is_ipv6enabled": null,
            "state": "AVAILABLE",
            "time_created": "2021-02-10 10:28:21.388 +0000 UTC",
            "timeouts": null,
            "vcn_domain_name": "vcn1.oraclevcn.com"
          },
          "sensitive_attributes": [],
          "private": "eyJlMmJmYjczMC1lY2FhLTExZTYtOGY4OC0zNDM2M2JjN2M0YzAiOnsiY3JlYXRlIjoxMjAwMDAwMDAwMDAwLCJkZWxldGUiOjEyMDAwMDAwMDAwMDAsInVwZGF0ZSI6MTIwMDAwMDAwMDAwMH19"
        }
      ]
    },
    {
      "mode": "managed",
      "type": "oci_load_balancer",
      "name": "lb1",
      "provider": "provider[\"registry.terraform.io/hashicorp/oci\"]",
      "instances": [
        {
          "schema_version": 0,
          "attributes": {
            "compartment_id": "ocid1.compartment.oc1..aaaaaaaa4cffiat2knvzy4bjs7eprhns5qspej5pfcelkfvrb7s5vahgr4yq",
            "defined_tags": {
              "Oracle-Tags.CreatedBy": "oracleidentitycloudservice/krishna",
              "Oracle-Tags.CreatedOn": "2021-02-10T10:28:31.901Z"
            },
            "display_name": "lb1",
            "freeform_tags": {},
            "id": "ocid1.loadbalancer.oc1.ap-mumbai-1.aaaaaaaaaovamxyhtr526pp65hud7dkb7zvjork2f4knbhvfacjmukoi3xrq",
            "ip_address_details": [
              {
                "ip_address": "140.238.252.44",
                "is_public": true,
                "reserved_ip": [
                  {
                    "id": "ocid1.publicip.oc1.ap-mumbai-1.amaaaaaaulymzmiaavjtfckbrouc6g3js6sibwksgz4mcot5s3qnlkonkpka"
                  }
                ]
              }
            ],
            "ip_addresses": [
              "140.238.252.44"
            ],
            "ip_mode": "IPV4",
            "is_private": false,
            "network_security_group_ids": null,
            "reserved_ips": [
              {
                "id": "ocid1.publicip.oc1.ap-mumbai-1.amaaaaaaulymzmiaavjtfckbrouc6g3js6sibwksgz4mcot5s3qnlkonkpka"
              }
            ],
            "shape": "100Mbps",
            "shape_details": [],
            "state": "ACTIVE",
            "subnet_ids": [
              "ocid1.subnet.oc1.ap-mumbai-1.aaaaaaaa4z6nkrvlwifleps5amalqgg6ocverskspyggxfvy3a6v3fgctm3a"
            ],
            "system_tags": {},
            "time_created": "2021-02-10 10:28:32.54 +0000 UTC",
            "timeouts": null
          },
          "sensitive_attributes": [],
          "private": "eyJlMmJmYjczMC1lY2FhLTExZTYtOGY4OC0zNDM2M2JjN2M0YzAiOnsiY3JlYXRlIjoxMjAwMDAwMDAwMDAwLCJkZWxldGUiOjEyMDAwMDAwMDAwMDAsInVwZGF0ZSI6MTIwMDAwMDAwMDAwMH19",
          "dependencies": [
            "data.oci_identity_availability_domain.ad1",
            "oci_core_internet_gateway.internetgateway1",
            "oci_core_public_ip.test_reserved_ip",
            "oci_core_route_table.routetable1",
            "oci_core_security_list.securitylist1",
            "oci_core_subnet.subnet1",
            "oci_core_vcn.vcn1"
          ]
        }
      ]
    },
    {
      "mode": "managed",
      "type": "oci_load_balancer_backend",
      "name": "lb-be1",
      "provider": "provider[\"registry.terraform.io/hashicorp/oci\"]",
      "instances": [
        {
          "schema_version": 0,
          "attributes": {
            "backendset_name": "lb-bes1",
            "backup": false,
            "drain": false,
            "id": "loadBalancers/ocid1.loadbalancer.oc1.ap-mumbai-1.aaaaaaaaaovamxyhtr526pp65hud7dkb7zvjork2f4knbhvfacjmukoi3xrq/backendSets/lb-bes1/backends/10.1.20.160:80",
            "ip_address": "10.1.20.160",
            "load_balancer_id": "ocid1.loadbalancer.oc1.ap-mumbai-1.aaaaaaaaaovamxyhtr526pp65hud7dkb7zvjork2f4knbhvfacjmukoi3xrq",
            "name": "10.1.20.160:80",
            "offline": false,
            "port": 80,
            "state": "SUCCEEDED",
            "timeouts": null,
            "weight": 1
          },
          "sensitive_attributes": [],
          "private": "eyJlMmJmYjczMC1lY2FhLTExZTYtOGY4OC0zNDM2M2JjN2M0YzAiOnsiY3JlYXRlIjoxMjAwMDAwMDAwMDAwLCJkZWxldGUiOjEyMDAwMDAwMDAwMDAsInVwZGF0ZSI6MTIwMDAwMDAwMDAwMH19",
          "dependencies": [
            "data.oci_identity_availability_domain.ad1",
            "oci_core_instance.instance1",
            "oci_core_internet_gateway.internetgateway1",
            "oci_core_public_ip.test_reserved_ip",
            "oci_core_route_table.routetable1",
            "oci_core_security_list.securitylist1",
            "oci_core_subnet.subnet1",
            "oci_core_vcn.vcn1",
            "oci_load_balancer.lb1",
            "oci_load_balancer_backend_set.lb-bes1"
          ]
        }
      ]
    },
    {
      "mode": "managed",
      "type": "oci_load_balancer_backend",
      "name": "lb-be2",
      "provider": "provider[\"registry.terraform.io/hashicorp/oci\"]",
      "instances": [
        {
          "schema_version": 0,
          "attributes": {
            "backendset_name": "lb-bes1",
            "backup": false,
            "drain": false,
            "id": "loadBalancers/ocid1.loadbalancer.oc1.ap-mumbai-1.aaaaaaaaaovamxyhtr526pp65hud7dkb7zvjork2f4knbhvfacjmukoi3xrq/backendSets/lb-bes1/backends/10.1.21.166:80",
            "ip_address": "10.1.21.166",
            "load_balancer_id": "ocid1.loadbalancer.oc1.ap-mumbai-1.aaaaaaaaaovamxyhtr526pp65hud7dkb7zvjork2f4knbhvfacjmukoi3xrq",
            "name": "10.1.21.166:80",
            "offline": false,
            "port": 80,
            "state": "SUCCEEDED",
            "timeouts": null,
            "weight": 1
          },
          "sensitive_attributes": [],
          "private": "eyJlMmJmYjczMC1lY2FhLTExZTYtOGY4OC0zNDM2M2JjN2M0YzAiOnsiY3JlYXRlIjoxMjAwMDAwMDAwMDAwLCJkZWxldGUiOjEyMDAwMDAwMDAwMDAsInVwZGF0ZSI6MTIwMDAwMDAwMDAwMH19",
          "dependencies": [
            "data.oci_identity_availability_domain.ad1",
            "oci_core_instance.instance2",
            "oci_core_internet_gateway.internetgateway1",
            "oci_core_public_ip.test_reserved_ip",
            "oci_core_route_table.routetable1",
            "oci_core_security_list.securitylist1",
            "oci_core_subnet.subnet1",
            "oci_core_subnet.subnet2",
            "oci_core_vcn.vcn1",
            "oci_load_balancer.lb1",
            "oci_load_balancer_backend_set.lb-bes1"
          ]
        }
      ]
    },
    {
      "mode": "managed",
      "type": "oci_load_balancer_backend_set",
      "name": "lb-bes1",
      "provider": "provider[\"registry.terraform.io/hashicorp/oci\"]",
      "instances": [
        {
          "schema_version": 0,
          "attributes": {
            "backend": [],
            "health_checker": [
              {
                "interval_ms": 30000,
                "port": 80,
                "protocol": "HTTP",
                "response_body_regex": ".*",
                "retries": 3,
                "return_code": 200,
                "timeout_in_millis": 3000,
                "url_path": "/"
              }
            ],
            "id": "loadBalancers/ocid1.loadbalancer.oc1.ap-mumbai-1.aaaaaaaaaovamxyhtr526pp65hud7dkb7zvjork2f4knbhvfacjmukoi3xrq/backendSets/lb-bes1",
            "lb_cookie_session_persistence_configuration": [],
            "load_balancer_id": "ocid1.loadbalancer.oc1.ap-mumbai-1.aaaaaaaaaovamxyhtr526pp65hud7dkb7zvjork2f4knbhvfacjmukoi3xrq",
            "name": "lb-bes1",
            "policy": "ROUND_ROBIN",
            "session_persistence_configuration": [],
            "ssl_configuration": [],
            "state": "SUCCEEDED",
            "timeouts": null
          },
          "sensitive_attributes": [],
          "private": "eyJlMmJmYjczMC1lY2FhLTExZTYtOGY4OC0zNDM2M2JjN2M0YzAiOnsiY3JlYXRlIjoxMjAwMDAwMDAwMDAwLCJkZWxldGUiOjEyMDAwMDAwMDAwMDAsInVwZGF0ZSI6MTIwMDAwMDAwMDAwMH19",
          "dependencies": [
            "data.oci_identity_availability_domain.ad1",
            "oci_core_internet_gateway.internetgateway1",
            "oci_core_public_ip.test_reserved_ip",
            "oci_core_route_table.routetable1",
            "oci_core_security_list.securitylist1",
            "oci_core_subnet.subnet1",
            "oci_core_vcn.vcn1",
            "oci_load_balancer.lb1"
          ]
        }
      ]
    },
    {
      "mode": "managed",
      "type": "oci_load_balancer_hostname",
      "name": "test_hostname1",
      "provider": "provider[\"registry.terraform.io/hashicorp/oci\"]",
      "instances": [
        {
          "schema_version": 0,
          "attributes": {
            "hostname": "app.example.com",
            "id": "loadBalancers/ocid1.loadbalancer.oc1.ap-mumbai-1.aaaaaaaaaovamxyhtr526pp65hud7dkb7zvjork2f4knbhvfacjmukoi3xrq/hostnames/hostname1",
            "load_balancer_id": "ocid1.loadbalancer.oc1.ap-mumbai-1.aaaaaaaaaovamxyhtr526pp65hud7dkb7zvjork2f4knbhvfacjmukoi3xrq",
            "name": "hostname1",
            "state": "SUCCEEDED",
            "timeouts": null
          },
          "sensitive_attributes": [],
          "private": "eyJlMmJmYjczMC1lY2FhLTExZTYtOGY4OC0zNDM2M2JjN2M0YzAiOnsiY3JlYXRlIjoxMjAwMDAwMDAwMDAwLCJkZWxldGUiOjEyMDAwMDAwMDAwMDAsInVwZGF0ZSI6MTIwMDAwMDAwMDAwMH19",
          "dependencies": [
            "data.oci_identity_availability_domain.ad1",
            "oci_core_internet_gateway.internetgateway1",
            "oci_core_public_ip.test_reserved_ip",
            "oci_core_route_table.routetable1",
            "oci_core_security_list.securitylist1",
            "oci_core_subnet.subnet1",
            "oci_core_vcn.vcn1",
            "oci_load_balancer.lb1"
          ]
        }
      ]
    },
    {
      "mode": "managed",
      "type": "oci_load_balancer_hostname",
      "name": "test_hostname2",
      "provider": "provider[\"registry.terraform.io/hashicorp/oci\"]",
      "instances": [
        {
          "schema_version": 0,
          "attributes": {
            "hostname": "app2.example.com",
            "id": "loadBalancers/ocid1.loadbalancer.oc1.ap-mumbai-1.aaaaaaaaaovamxyhtr526pp65hud7dkb7zvjork2f4knbhvfacjmukoi3xrq/hostnames/hostname2",
            "load_balancer_id": "ocid1.loadbalancer.oc1.ap-mumbai-1.aaaaaaaaaovamxyhtr526pp65hud7dkb7zvjork2f4knbhvfacjmukoi3xrq",
            "name": "hostname2",
            "state": "SUCCEEDED",
            "timeouts": null
          },
          "sensitive_attributes": [],
          "private": "eyJlMmJmYjczMC1lY2FhLTExZTYtOGY4OC0zNDM2M2JjN2M0YzAiOnsiY3JlYXRlIjoxMjAwMDAwMDAwMDAwLCJkZWxldGUiOjEyMDAwMDAwMDAwMDAsInVwZGF0ZSI6MTIwMDAwMDAwMDAwMH19",
          "dependencies": [
            "data.oci_identity_availability_domain.ad1",
            "oci_core_internet_gateway.internetgateway1",
            "oci_core_public_ip.test_reserved_ip",
            "oci_core_route_table.routetable1",
            "oci_core_security_list.securitylist1",
            "oci_core_subnet.subnet1",
            "oci_core_vcn.vcn1",
            "oci_load_balancer.lb1"
          ]
        }
      ]
    },
    {
      "mode": "managed",
      "type": "oci_load_balancer_listener",
      "name": "lb-listener1",
      "provider": "provider[\"registry.terraform.io/hashicorp/oci\"]",
      "instances": [
        {
          "schema_version": 0,
          "attributes": {
            "connection_configuration": [
              {
                "backend_tcp_proxy_protocol_version": 0,
                "idle_timeout_in_seconds": "2"
              }
            ],
            "default_backend_set_name": "lb-bes1",
            "hostname_names": [
              "hostname1",
              "hostname2"
            ],
            "id": "loadBalancers/ocid1.loadbalancer.oc1.ap-mumbai-1.aaaaaaaaaovamxyhtr526pp65hud7dkb7zvjork2f4knbhvfacjmukoi3xrq/listeners/http",
            "load_balancer_id": "ocid1.loadbalancer.oc1.ap-mumbai-1.aaaaaaaaaovamxyhtr526pp65hud7dkb7zvjork2f4knbhvfacjmukoi3xrq",
            "name": "http",
            "path_route_set_name": null,
            "port": 80,
            "protocol": "HTTP",
            "rule_set_names": [],
            "ssl_configuration": [],
            "state": "SUCCEEDED",
            "timeouts": null
          },
          "sensitive_attributes": [],
          "private": "eyJlMmJmYjczMC1lY2FhLTExZTYtOGY4OC0zNDM2M2JjN2M0YzAiOnsiY3JlYXRlIjoxMjAwMDAwMDAwMDAwLCJkZWxldGUiOjEyMDAwMDAwMDAwMDAsInVwZGF0ZSI6MTIwMDAwMDAwMDAwMH19",
          "dependencies": [
            "data.oci_identity_availability_domain.ad1",
            "oci_core_internet_gateway.internetgateway1",
            "oci_core_public_ip.test_reserved_ip",
            "oci_core_route_table.routetable1",
            "oci_core_security_list.securitylist1",
            "oci_core_subnet.subnet1",
            "oci_core_vcn.vcn1",
            "oci_load_balancer.lb1",
            "oci_load_balancer_backend_set.lb-bes1",
            "oci_load_balancer_hostname.test_hostname1",
            "oci_load_balancer_hostname.test_hostname2"
          ]
        }
      ]
    }
  ]
}
